
Microsoft Visual Studio Solution File, Format Version 12.00
# Visual Studio Version 18
VisualStudioVersion = 18.1.11312.151
MinimumVisualStudioVersion = 10.0.40219.1
Project("{2150E333-8FDC-42A3-9474-1A3956D46DE8}") = "Solution Items", "Solution Items", "{A0000001-0000-0000-0000-000000000001}"
	ProjectSection(SolutionItems) = preProject
		.editorconfig = .editorconfig
		Directory.Build.props = Directory.Build.props
		Directory.Packages.props = Directory.Packages.props
		Maroik.nuspec = Maroik.nuspec
		Maroik.sln.DotSettings = Maroik.sln.DotSettings
		template.json = template.json
	EndProjectSection
EndProject
Project("{2150E333-8FDC-42A3-9474-1A3956D46DE8}") = "src", "src", "{A0000002-0000-0000-0000-000000000002}"
EndProject
Project("{2150E333-8FDC-42A3-9474-1A3956D46DE8}") = "tests", "tests", "{A0000003-0000-0000-0000-000000000003}"
EndProject
Project("{E53339B2-1760-4266-BCC7-CA923CBCF16C}") = "docker-compose", "docker-compose.dcproj", "{16950BFB-9A7B-4326-B6E9-873B22449DF3}"
EndProject
Project("{9A19103F-16F7-4668-BE54-9A1E7A4F7556}") = "Maroik.Website", "Maroik.Website\Maroik.Website.csproj", "{33AA9A81-0AE5-4E8D-A271-14E060D054F9}"
EndProject
Project("{9A19103F-16F7-4668-BE54-9A1E7A4F7556}") = "Maroik.FileStorage", "Maroik.FileStorage\Maroik.FileStorage.csproj", "{F883F4D0-4CF9-453B-926A-FC505F91E902}"
EndProject
Project("{FAE04EC0-301F-11D3-BF4B-00C04F79EFBC}") = "Maroik.Core.Repository", "Maroik.Core.Repository\Maroik.Core.Repository.csproj", "{1C52AD3D-4A7A-1B8B-B174-45EEACCF8D48}"
EndProject
Project("{FAE04EC0-301F-11D3-BF4B-00C04F79EFBC}") = "Maroik.Core.PostgreSQL", "Maroik.Core.PostgreSQL\Maroik.Core.PostgreSQL.csproj", "{04E38784-C17F-4A0F-8D1D-15022FF22509}"
EndProject
Project("{FAE04EC0-301F-11D3-BF4B-00C04F79EFBC}") = "Maroik.Core.Client", "Maroik.Core.Client\Maroik.Core.Client.csproj", "{B321C6BE-72F8-43AF-8860-CAA78EF988D7}"
EndProject
Project("{FAE04EC0-301F-11D3-BF4B-00C04F79EFBC}") = "Maroik.Core.Service", "Maroik.Core.Service\Maroik.Core.Service.csproj", "{6BF41D9C-4FA2-49D2-947C-3355CC53434D}"
EndProject
Project("{FAE04EC0-301F-11D3-BF4B-00C04F79EFBC}") = "Maroik.Core.Contract", "Maroik.Core.Contract\Maroik.Core.Contract.csproj", "{D73458E6-385B-40A6-8453-B3194121F3A7}"
EndProject
Project("{FAE04EC0-301F-11D3-BF4B-00C04F79EFBC}") = "Maroik.Core.Contract.Tests", "Maroik.Core.Contract.Tests\Maroik.Core.Contract.Tests.csproj", "{1CED836F-D064-4DD8-9001-C8091D9D9E95}"
EndProject
Project("{FAE04EC0-301F-11D3-BF4B-00C04F79EFBC}") = "Maroik.Core.Service.Tests", "Maroik.Core.Service.Tests\Maroik.Core.Service.Tests.csproj", "{25BBCA78-1027-42FC-AF6F-AD6AC492BFAB}"
EndProject
Project("{FAE04EC0-301F-11D3-BF4B-00C04F79EFBC}") = "Maroik.Core.Client.Tests", "Maroik.Core.Client.Tests\Maroik.Core.Client.Tests.csproj", "{7FE56DDA-46F0-4285-91BD-273E92E449BF}"
EndProject
Project("{FAE04EC0-301F-11D3-BF4B-00C04F79EFBC}") = "Maroik.Core.Repository.Tests", "Maroik.Core.Repository.Tests\Maroik.Core.Repository.Tests.csproj", "{8DE4A09B-B2AB-4DC3-95C1-8A67C7D12E45}"
EndProject
Project("{FAE04EC0-301F-11D3-BF4B-00C04F79EFBC}") = "Maroik.Website.Tests", "Maroik.Website.Tests\Maroik.Website.Tests.csproj", "{A1B2C3D4-E5F6-7890-ABCD-EF1234567891}"
EndProject
Project("{FAE04EC0-301F-11D3-BF4B-00C04F79EFBC}") = "Maroik.FileStorage.Tests", "Maroik.FileStorage.Tests\Maroik.FileStorage.Tests.csproj", "{B2C3D4E5-F6A7-8901-BCDE-F12345678902}"
EndProject
Project("{FAE04EC0-301F-11D3-BF4B-00C04F79EFBC}") = "Maroik.E2E.Tests", "Maroik.E2E.Tests\Maroik.E2E.Tests.csproj", "{C3D4E5F6-A7B8-9012-CDEF-123456789013}"
EndProject
Project("{FAE04EC0-301F-11D3-BF4B-00C04F79EFBC}") = "Maroik.Worker", "Maroik.Worker\Maroik.Worker.csproj", "{8E3DEE41-4C7A-46D7-ADC7-8ACA920CDAAB}"
EndProject
Project("{FAE04EC0-301F-11D3-BF4B-00C04F79EFBC}") = "Maroik.Worker.Tests", "Maroik.Worker.Tests\Maroik.Worker.Tests.csproj", "{73D1C119-5E98-4093-8792-C3EA05101F21}"
EndProject
Project("{FAE04EC0-301F-11D3-BF4B-00C04F79EFBC}") = "Maroik.Core.Domain", "Maroik.Core.Domain\Maroik.Core.Domain.csproj", "{FA62A4E9-9991-462D-8937-2DD25DEB0CCE}"
EndProject
Project("{FAE04EC0-301F-11D3-BF4B-00C04F79EFBC}") = "Maroik.Core.Domain.Tests", "Maroik.Core.Domain.Tests\Maroik.Core.Domain.Tests.csproj", "{DC07049C-711F-4473-904B-32B0BAFAFF52}"
EndProject
Project("{FAE04EC0-301F-11D3-BF4B-00C04F79EFBC}") = "Maroik.Core.PostgreSQL.Tests", "Maroik.Core.PostgreSQL.Tests\Maroik.Core.PostgreSQL.Tests.csproj", "{3D1D1EDC-85C9-4C89-BDF4-B3664BF451AD}"
EndProject
Global
	GlobalSection(SolutionConfigurationPlatforms) = preSolution
		Debug|Any CPU = Debug|Any CPU
		Debug|ARM = Debug|ARM
		Debug|iPhone = Debug|iPhone
		Debug|iPhoneSimulator = Debug|iPhoneSimulator
		Debug|x64 = Debug|x64
		Debug|x86 = Debug|x86
		Release|Any CPU = Release|Any CPU
		Release|ARM = Release|ARM
		Release|iPhone = Release|iPhone
		Release|iPhoneSimulator = Release|iPhoneSimulator
		Release|x64 = Release|x64
		Release|x86 = Release|x86
	EndGlobalSection
	GlobalSection(ProjectConfigurationPlatforms) = postSolution
		{16950BFB-9A7B-4326-B6E9-873B22449DF3}.Debug|Any CPU.ActiveCfg = Debug|Any CPU
		{16950BFB-9A7B-4326-B6E9-873B22449DF3}.Debug|Any CPU.Build.0 = Debug|Any CPU
		{16950BFB-9A7B-4326-B6E9-873B22449DF3}.Debug|ARM.ActiveCfg = Debug|Any CPU
		{16950BFB-9A7B-4326-B6E9-873B22449DF3}.Debug|ARM.Build.0 = Debug|Any CPU
		{16950BFB-9A7B-4326-B6E9-873B22449DF3}.Debug|iPhone.ActiveCfg = Debug|Any CPU
		{16950BFB-9A7B-4326-B6E9-873B22449DF3}.Debug|iPhone.Build.0 = Debug|Any CPU
		{16950BFB-9A7B-4326-B6E9-873B22449DF3}.Debug|iPhoneSimulator.ActiveCfg = Debug|Any CPU
		{16950BFB-9A7B-4326-B6E9-873B22449DF3}.Debug|iPhoneSimulator.Build.0 = Debug|Any CPU
		{16950BFB-9A7B-4326-B6E9-873B22449DF3}.Debug|x64.ActiveCfg = Debug|Any CPU
		{16950BFB-9A7B-4326-B6E9-873B22449DF3}.Debug|x64.Build.0 = Debug|Any CPU
		{16950BFB-9A7B-4326-B6E9-873B22449DF3}.Debug|x86.ActiveCfg = Debug|Any CPU
		{16950BFB-9A7B-4326-B6E9-873B22449DF3}.Debug|x86.Build.0 = Debug|Any CPU
		{16950BFB-9A7B-4326-B6E9-873B22449DF3}.Release|Any CPU.ActiveCfg = Release|Any CPU
		{16950BFB-9A7B-4326-B6E9-873B22449DF3}.Release|Any CPU.Build.0 = Release|Any CPU
		{16950BFB-9A7B-4326-B6E9-873B22449DF3}.Release|ARM.ActiveCfg = Release|Any CPU
		{16950BFB-9A7B-4326-B6E9-873B22449DF3}.Release|ARM.Build.0 = Release|Any CPU
		{16950BFB-9A7B-4326-B6E9-873B22449DF3}.Release|iPhone.ActiveCfg = Release|Any CPU
		{16950BFB-9A7B-4326-B6E9-873B22449DF3}.Release|iPhone.Build.0 = Release|Any CPU
		{16950BFB-9A7B-4326-B6E9-873B22449DF3}.Release|iPhoneSimulator.ActiveCfg = Release|Any CPU
		{16950BFB-9A7B-4326-B6E9-873B22449DF3}.Release|iPhoneSimulator.Build.0 = Release|Any CPU
		{16950BFB-9A7B-4326-B6E9-873B22449DF3}.Release|x64.ActiveCfg = Release|Any CPU
		{16950BFB-9A7B-4326-B6E9-873B22449DF3}.Release|x64.Build.0 = Release|Any CPU
		{16950BFB-9A7B-4326-B6E9-873B22449DF3}.Release|x86.ActiveCfg = Release|Any CPU
		{16950BFB-9A7B-4326-B6E9-873B22449DF3}.Release|x86.Build.0 = Release|Any CPU
		{33AA9A81-0AE5-4E8D-A271-14E060D054F9}.Debug|Any CPU.ActiveCfg = Debug|Any CPU
		{33AA9A81-0AE5-4E8D-A271-14E060D054F9}.Debug|Any CPU.Build.0 = Debug|Any CPU
		{33AA9A81-0AE5-4E8D-A271-14E060D054F9}.Debug|ARM.ActiveCfg = Debug|Any CPU
		{33AA9A81-0AE5-4E8D-A271-14E060D054F9}.Debug|ARM.Build.0 = Debug|Any CPU
		{33AA9A81-0AE5-4E8D-A271-14E060D054F9}.Debug|iPhone.ActiveCfg = Debug|Any CPU
		{33AA9A81-0AE5-4E8D-A271-14E060D054F9}.Debug|iPhone.Build.0 = Debug|Any CPU
		{33AA9A81-0AE5-4E8D-A271-14E060D054F9}.Debug|iPhoneSimulator.ActiveCfg = Debug|Any CPU
		{33AA9A81-0AE5-4E8D-A271-14E060D054F9}.Debug|iPhoneSimulator.Build.0 = Debug|Any CPU
		{33AA9A81-0AE5-4E8D-A271-14E060D054F9}.Debug|x64.ActiveCfg = Debug|Any CPU
		{33AA9A81-0AE5-4E8D-A271-14E060D054F9}.Debug|x64.Build.0 = Debug|Any CPU
		{33AA9A81-0AE5-4E8D-A271-14E060D054F9}.Debug|x86.ActiveCfg = Debug|Any CPU
		{33AA9A81-0AE5-4E8D-A271-14E060D054F9}.Debug|x86.Build.0 = Debug|Any CPU
		{33AA9A81-0AE5-4E8D-A271-14E060D054F9}.Release|Any CPU.ActiveCfg = Release|Any CPU
		{33AA9A81-0AE5-4E8D-A271-14E060D054F9}.Release|Any CPU.Build.0 = Release|Any CPU
		{33AA9A81-0AE5-4E8D-A271-14E060D054F9}.Release|ARM.ActiveCfg = Release|Any CPU
		{33AA9A81-0AE5-4E8D-A271-14E060D054F9}.Release|ARM.Build.0 = Release|Any CPU
		{33AA9A81-0AE5-4E8D-A271-14E060D054F9}.Release|iPhone.ActiveCfg = Release|Any CPU
		{33AA9A81-0AE5-4E8D-A271-14E060D054F9}.Release|iPhone.Build.0 = Release|Any CPU
		{33AA9A81-0AE5-4E8D-A271-14E060D054F9}.Release|iPhoneSimulator.ActiveCfg = Release|Any CPU
		{33AA9A81-0AE5-4E8D-A271-14E060D054F9}.Release|iPhoneSimulator.Build.0 = Release|Any CPU
		{33AA9A81-0AE5-4E8D-A271-14E060D054F9}.Release|x64.ActiveCfg = Release|Any CPU
		{33AA9A81-0AE5-4E8D-A271-14E060D054F9}.Release|x64.Build.0 = Release|Any CPU
		{33AA9A81-0AE5-4E8D-A271-14E060D054F9}.Release|x86.ActiveCfg = Release|Any CPU
		{33AA9A81-0AE5-4E8D-A271-14E060D054F9}.Release|x86.Build.0 = Release|Any CPU
		{F883F4D0-4CF9-453B-926A-FC505F91E902}.Debug|Any CPU.ActiveCfg = Debug|Any CPU
		{F883F4D0-4CF9-453B-926A-FC505F91E902}.Debug|Any CPU.Build.0 = Debug|Any CPU
		{F883F4D0-4CF9-453B-926A-FC505F91E902}.Debug|ARM.ActiveCfg = Debug|Any CPU
		{F883F4D0-4CF9-453B-926A-FC505F91E902}.Debug|ARM.Build.0 = Debug|Any CPU
		{F883F4D0-4CF9-453B-926A-FC505F91E902}.Debug|iPhone.ActiveCfg = Debug|Any CPU
		{F883F4D0-4CF9-453B-926A-FC505F91E902}.Debug|iPhone.Build.0 = Debug|Any CPU
		{F883F4D0-4CF9-453B-926A-FC505F91E902}.Debug|iPhoneSimulator.ActiveCfg = Debug|Any CPU
		{F883F4D0-4CF9-453B-926A-FC505F91E902}.Debug|iPhoneSimulator.Build.0 = Debug|Any CPU
		{F883F4D0-4CF9-453B-926A-FC505F91E902}.Debug|x64.ActiveCfg = Debug|Any CPU
		{F883F4D0-4CF9-453B-926A-FC505F91E902}.Debug|x64.Build.0 = Debug|Any CPU
		{F883F4D0-4CF9-453B-926A-FC505F91E902}.Debug|x86.ActiveCfg = Debug|Any CPU
		{F883F4D0-4CF9-453B-926A-FC505F91E902}.Debug|x86.Build.0 = Debug|Any CPU
		{F883F4D0-4CF9-453B-926A-FC505F91E902}.Release|Any CPU.ActiveCfg = Release|Any CPU
		{F883F4D0-4CF9-453B-926A-FC505F91E902}.Release|Any CPU.Build.0 = Release|Any CPU
		{F883F4D0-4CF9-453B-926A-FC505F91E902}.Release|ARM.ActiveCfg = Release|Any CPU
		{F883F4D0-4CF9-453B-926A-FC505F91E902}.Release|ARM.Build.0 = Release|Any CPU
		{F883F4D0-4CF9-453B-926A-FC505F91E902}.Release|iPhone.ActiveCfg = Release|Any CPU
		{F883F4D0-4CF9-453B-926A-FC505F91E902}.Release|iPhone.Build.0 = Release|Any CPU
		{F883F4D0-4CF9-453B-926A-FC505F91E902}.Release|iPhoneSimulator.ActiveCfg = Release|Any CPU
		{F883F4D0-4CF9-453B-926A-FC505F91E902}.Release|iPhoneSimulator.Build.0 = Release|Any CPU
		{F883F4D0-4CF9-453B-926A-FC505F91E902}.Release|x64.ActiveCfg = Release|Any CPU
		{F883F4D0-4CF9-453B-926A-FC505F91E902}.Release|x64.Build.0 = Release|Any CPU
		{F883F4D0-4CF9-453B-926A-FC505F91E902}.Release|x86.ActiveCfg = Release|Any CPU
		{F883F4D0-4CF9-453B-926A-FC505F91E902}.Release|x86.Build.0 = Release|Any CPU
		{1C52AD3D-4A7A-1B8B-B174-45EEACCF8D48}.Debug|Any CPU.ActiveCfg = Debug|Any CPU
		{1C52AD3D-4A7A-1B8B-B174-45EEACCF8D48}.Debug|Any CPU.Build.0 = Debug|Any CPU
		{1C52AD3D-4A7A-1B8B-B174-45EEACCF8D48}.Debug|ARM.ActiveCfg = Debug|Any CPU
		{1C52AD3D-4A7A-1B8B-B174-45EEACCF8D48}.Debug|ARM.Build.0 = Debug|Any CPU
		{1C52AD3D-4A7A-1B8B-B174-45EEACCF8D48}.Debug|iPhone.ActiveCfg = Debug|Any CPU
		{1C52AD3D-4A7A-1B8B-B174-45EEACCF8D48}.Debug|iPhone.Build.0 = Debug|Any CPU
		{1C52AD3D-4A7A-1B8B-B174-45EEACCF8D48}.Debug|iPhoneSimulator.ActiveCfg = Debug|Any CPU
		{1C52AD3D-4A7A-1B8B-B174-45EEACCF8D48}.Debug|iPhoneSimulator.Build.0 = Debug|Any CPU
		{1C52AD3D-4A7A-1B8B-B174-45EEACCF8D48}.Debug|x64.ActiveCfg = Debug|Any CPU
		{1C52AD3D-4A7A-1B8B-B174-45EEACCF8D48}.Debug|x64.Build.0 = Debug|Any CPU
		{1C52AD3D-4A7A-1B8B-B174-45EEACCF8D48}.Debug|x86.ActiveCfg = Debug|Any CPU
		{1C52AD3D-4A7A-1B8B-B174-45EEACCF8D48}.Debug|x86.Build.0 = Debug|Any CPU
		{1C52AD3D-4A7A-1B8B-B174-45EEACCF8D48}.Release|Any CPU.ActiveCfg = Release|Any CPU
		{1C52AD3D-4A7A-1B8B-B174-45EEACCF8D48}.Release|Any CPU.Build.0 = Release|Any CPU
		{1C52AD3D-4A7A-1B8B-B174-45EEACCF8D48}.Release|ARM.ActiveCfg = Release|Any CPU
		{1C52AD3D-4A7A-1B8B-B174-45EEACCF8D48}.Release|ARM.Build.0 = Release|Any CPU
		{1C52AD3D-4A7A-1B8B-B174-45EEACCF8D48}.Release|iPhone.ActiveCfg = Release|Any CPU
		{1C52AD3D-4A7A-1B8B-B174-45EEACCF8D48}.Release|iPhone.Build.0 = Release|Any CPU
		{1C52AD3D-4A7A-1B8B-B174-45EEACCF8D48}.Release|iPhoneSimulator.ActiveCfg = Release|Any CPU
		{1C52AD3D-4A7A-1B8B-B174-45EEACCF8D48}.Release|iPhoneSimulator.Build.0 = Release|Any CPU
		{1C52AD3D-4A7A-1B8B-B174-45EEACCF8D48}.Release|x64.ActiveCfg = Release|Any CPU
		{1C52AD3D-4A7A-1B8B-B174-45EEACCF8D48}.Release|x64.Build.0 = Release|Any CPU
		{1C52AD3D-4A7A-1B8B-B174-45EEACCF8D48}.Release|x86.ActiveCfg = Release|Any CPU
		{1C52AD3D-4A7A-1B8B-B174-45EEACCF8D48}.Release|x86.Build.0 = Release|Any CPU
		{04E38784-C17F-4A0F-8D1D-15022FF22509}.Debug|Any CPU.ActiveCfg = Debug|Any CPU
		{04E38784-C17F-4A0F-8D1D-15022FF22509}.Debug|Any CPU.Build.0 = Debug|Any CPU
		{04E38784-C17F-4A0F-8D1D-15022FF22509}.Debug|ARM.ActiveCfg = Debug|Any CPU
		{04E38784-C17F-4A0F-8D1D-15022FF22509}.Debug|ARM.Build.0 = Debug|Any CPU
		{04E38784-C17F-4A0F-8D1D-15022FF22509}.Debug|iPhone.ActiveCfg = Debug|Any CPU
		{04E38784-C17F-4A0F-8D1D-15022FF22509}.Debug|iPhone.Build.0 = Debug|Any CPU
		{04E38784-C17F-4A0F-8D1D-15022FF22509}.Debug|iPhoneSimulator.ActiveCfg = Debug|Any CPU
		{04E38784-C17F-4A0F-8D1D-15022FF22509}.Debug|iPhoneSimulator.Build.0 = Debug|Any CPU
		{04E38784-C17F-4A0F-8D1D-15022FF22509}.Debug|x64.ActiveCfg = Debug|Any CPU
		{04E38784-C17F-4A0F-8D1D-15022FF22509}.Debug|x64.Build.0 = Debug|Any CPU
		{04E38784-C17F-4A0F-8D1D-15022FF22509}.Debug|x86.ActiveCfg = Debug|Any CPU
		{04E38784-C17F-4A0F-8D1D-15022FF22509}.Debug|x86.Build.0 = Debug|Any CPU
		{04E38784-C17F-4A0F-8D1D-15022FF22509}.Release|Any CPU.ActiveCfg = Release|Any CPU
		{04E38784-C17F-4A0F-8D1D-15022FF22509}.Release|Any CPU.Build.0 = Release|Any CPU
		{04E38784-C17F-4A0F-8D1D-15022FF22509}.Release|ARM.ActiveCfg = Release|Any CPU
		{04E38784-C17F-4A0F-8D1D-15022FF22509}.Release|ARM.Build.0 = Release|Any CPU
		{04E38784-C17F-4A0F-8D1D-15022FF22509}.Release|iPhone.ActiveCfg = Release|Any CPU
		{04E38784-C17F-4A0F-8D1D-15022FF22509}.Release|iPhone.Build.0 = Release|Any CPU
		{04E38784-C17F-4A0F-8D1D-15022FF22509}.Release|iPhoneSimulator.ActiveCfg = Release|Any CPU
		{04E38784-C17F-4A0F-8D1D-15022FF22509}.Release|iPhoneSimulator.Build.0 = Release|Any CPU
		{04E38784-C17F-4A0F-8D1D-15022FF22509}.Release|x64.ActiveCfg = Release|Any CPU
		{04E38784-C17F-4A0F-8D1D-15022FF22509}.Release|x64.Build.0 = Release|Any CPU
		{04E38784-C17F-4A0F-8D1D-15022FF22509}.Release|x86.ActiveCfg = Release|Any CPU
		{04E38784-C17F-4A0F-8D1D-15022FF22509}.Release|x86.Build.0 = Release|Any CPU
		{B321C6BE-72F8-43AF-8860-CAA78EF988D7}.Debug|Any CPU.ActiveCfg = Debug|Any CPU
		{B321C6BE-72F8-43AF-8860-CAA78EF988D7}.Debug|Any CPU.Build.0 = Debug|Any CPU
		{B321C6BE-72F8-43AF-8860-CAA78EF988D7}.Debug|ARM.ActiveCfg = Debug|Any CPU
		{B321C6BE-72F8-43AF-8860-CAA78EF988D7}.Debug|ARM.Build.0 = Debug|Any CPU
		{B321C6BE-72F8-43AF-8860-CAA78EF988D7}.Debug|iPhone.ActiveCfg = Debug|Any CPU
		{B321C6BE-72F8-43AF-8860-CAA78EF988D7}.Debug|iPhone.Build.0 = Debug|Any CPU
		{B321C6BE-72F8-43AF-8860-CAA78EF988D7}.Debug|iPhoneSimulator.ActiveCfg = Debug|Any CPU
		{B321C6BE-72F8-43AF-8860-CAA78EF988D7}.Debug|iPhoneSimulator.Build.0 = Debug|Any CPU
		{B321C6BE-72F8-43AF-8860-CAA78EF988D7}.Debug|x64.ActiveCfg = Debug|Any CPU
		{B321C6BE-72F8-43AF-8860-CAA78EF988D7}.Debug|x64.Build.0 = Debug|Any CPU
		{B321C6BE-72F8-43AF-8860-CAA78EF988D7}.Debug|x86.ActiveCfg = Debug|Any CPU
		{B321C6BE-72F8-43AF-8860-CAA78EF988D7}.Debug|x86.Build.0 = Debug|Any CPU
		{B321C6BE-72F8-43AF-8860-CAA78EF988D7}.Release|Any CPU.ActiveCfg = Release|Any CPU
		{B321C6BE-72F8-43AF-8860-CAA78EF988D7}.Release|Any CPU.Build.0 = Release|Any CPU
		{B321C6BE-72F8-43AF-8860-CAA78EF988D7}.Release|ARM.ActiveCfg = Release|Any CPU
		{B321C6BE-72F8-43AF-8860-CAA78EF988D7}.Release|ARM.Build.0 = Release|Any CPU
		{B321C6BE-72F8-43AF-8860-CAA78EF988D7}.Release|iPhone.ActiveCfg = Release|Any CPU
		{B321C6BE-72F8-43AF-8860-CAA78EF988D7}.Release|iPhone.Build.0 = Release|Any CPU
		{B321C6BE-72F8-43AF-8860-CAA78EF988D7}.Release|iPhoneSimulator.ActiveCfg = Release|Any CPU
		{B321C6BE-72F8-43AF-8860-CAA78EF988D7}.Release|iPhoneSimulator.Build.0 = Release|Any CPU
		{B321C6BE-72F8-43AF-8860-CAA78EF988D7}.Release|x64.ActiveCfg = Release|Any CPU
		{B321C6BE-72F8-43AF-8860-CAA78EF988D7}.Release|x64.Build.0 = Release|Any CPU
		{B321C6BE-72F8-43AF-8860-CAA78EF988D7}.Release|x86.ActiveCfg = Release|Any CPU
		{B321C6BE-72F8-43AF-8860-CAA78EF988D7}.Release|x86.Build.0 = Release|Any CPU
		{6BF41D9C-4FA2-49D2-947C-3355CC53434D}.Debug|Any CPU.ActiveCfg = Debug|Any CPU
		{6BF41D9C-4FA2-49D2-947C-3355CC53434D}.Debug|Any CPU.Build.0 = Debug|Any CPU
		{6BF41D9C-4FA2-49D2-947C-3355CC53434D}.Debug|ARM.ActiveCfg = Debug|Any CPU
		{6BF41D9C-4FA2-49D2-947C-3355CC53434D}.Debug|ARM.Build.0 = Debug|Any CPU
		{6BF41D9C-4FA2-49D2-947C-3355CC53434D}.Debug|iPhone.ActiveCfg = Debug|Any CPU
		{6BF41D9C-4FA2-49D2-947C-3355CC53434D}.Debug|iPhone.Build.0 = Debug|Any CPU
		{6BF41D9C-4FA2-49D2-947C-3355CC53434D}.Debug|iPhoneSimulator.ActiveCfg = Debug|Any CPU
		{6BF41D9C-4FA2-49D2-947C-3355CC53434D}.Debug|iPhoneSimulator.Build.0 = Debug|Any CPU
		{6BF41D9C-4FA2-49D2-947C-3355CC53434D}.Debug|x64.ActiveCfg = Debug|Any CPU
		{6BF41D9C-4FA2-49D2-947C-3355CC53434D}.Debug|x64.Build.0 = Debug|Any CPU
		{6BF41D9C-4FA2-49D2-947C-3355CC53434D}.Debug|x86.ActiveCfg = Debug|Any CPU
		{6BF41D9C-4FA2-49D2-947C-3355CC53434D}.Debug|x86.Build.0 = Debug|Any CPU
		{6BF41D9C-4FA2-49D2-947C-3355CC53434D}.Release|Any CPU.ActiveCfg = Release|Any CPU
		{6BF41D9C-4FA2-49D2-947C-3355CC53434D}.Release|Any CPU.Build.0 = Release|Any CPU
		{6BF41D9C-4FA2-49D2-947C-3355CC53434D}.Release|ARM.ActiveCfg = Release|Any CPU
		{6BF41D9C-4FA2-49D2-947C-3355CC53434D}.Release|ARM.Build.0 = Release|Any CPU
		{6BF41D9C-4FA2-49D2-947C-3355CC53434D}.Release|iPhone.ActiveCfg = Release|Any CPU
		{6BF41D9C-4FA2-49D2-947C-3355CC53434D}.Release|iPhone.Build.0 = Release|Any CPU
		{6BF41D9C-4FA2-49D2-947C-3355CC53434D}.Release|iPhoneSimulator.ActiveCfg = Release|Any CPU
		{6BF41D9C-4FA2-49D2-947C-3355CC53434D}.Release|iPhoneSimulator.Build.0 = Release|Any CPU
		{6BF41D9C-4FA2-49D2-947C-3355CC53434D}.Release|x64.ActiveCfg = Release|Any CPU
		{6BF41D9C-4FA2-49D2-947C-3355CC53434D}.Release|x64.Build.0 = Release|Any CPU
		{6BF41D9C-4FA2-49D2-947C-3355CC53434D}.Release|x86.ActiveCfg = Release|Any CPU
		{6BF41D9C-4FA2-49D2-947C-3355CC53434D}.Release|x86.Build.0 = Release|Any CPU
		{D73458E6-385B-40A6-8453-B3194121F3A7}.Debug|Any CPU.ActiveCfg = Debug|Any CPU
		{D73458E6-385B-40A6-8453-B3194121F3A7}.Debug|Any CPU.Build.0 = Debug|Any CPU
		{D73458E6-385B-40A6-8453-B3194121F3A7}.Debug|ARM.ActiveCfg = Debug|Any CPU
		{D73458E6-385B-40A6-8453-B3194121F3A7}.Debug|ARM.Build.0 = Debug|Any CPU
		{D73458E6-385B-40A6-8453-B3194121F3A7}.Debug|iPhone.ActiveCfg = Debug|Any CPU
		{D73458E6-385B-40A6-8453-B3194121F3A7}.Debug|iPhone.Build.0 = Debug|Any CPU
		{D73458E6-385B-40A6-8453-B3194121F3A7}.Debug|iPhoneSimulator.ActiveCfg = Debug|Any CPU
		{D73458E6-385B-40A6-8453-B3194121F3A7}.Debug|iPhoneSimulator.Build.0 = Debug|Any CPU
		{D73458E6-385B-40A6-8453-B3194121F3A7}.Debug|x64.ActiveCfg = Debug|Any CPU
		{D73458E6-385B-40A6-8453-B3194121F3A7}.Debug|x64.Build.0 = Debug|Any CPU
		{D73458E6-385B-40A6-8453-B3194121F3A7}.Debug|x86.ActiveCfg = Debug|Any CPU
		{D73458E6-385B-40A6-8453-B3194121F3A7}.Debug|x86.Build.0 = Debug|Any CPU
		{D73458E6-385B-40A6-8453-B3194121F3A7}.Release|Any CPU.ActiveCfg = Release|Any CPU
		{D73458E6-385B-40A6-8453-B3194121F3A7}.Release|Any CPU.Build.0 = Release|Any CPU
		{D73458E6-385B-40A6-8453-B3194121F3A7}.Release|ARM.ActiveCfg = Release|Any CPU
		{D73458E6-385B-40A6-8453-B3194121F3A7}.Release|ARM.Build.0 = Release|Any CPU
		{D73458E6-385B-40A6-8453-B3194121F3A7}.Release|iPhone.ActiveCfg = Release|Any CPU
		{D73458E6-385B-40A6-8453-B3194121F3A7}.Release|iPhone.Build.0 = Release|Any CPU
		{D73458E6-385B-40A6-8453-B3194121F3A7}.Release|iPhoneSimulator.ActiveCfg = Release|Any CPU
		{D73458E6-385B-40A6-8453-B3194121F3A7}.Release|iPhoneSimulator.Build.0 = Release|Any CPU
		{D73458E6-385B-40A6-8453-B3194121F3A7}.Release|x64.ActiveCfg = Release|Any CPU
		{D73458E6-385B-40A6-8453-B3194121F3A7}.Release|x64.Build.0 = Release|Any CPU
		{D73458E6-385B-40A6-8453-B3194121F3A7}.Release|x86.ActiveCfg = Release|Any CPU
		{D73458E6-385B-40A6-8453-B3194121F3A7}.Release|x86.Build.0 = Release|Any CPU
		{1CED836F-D064-4DD8-9001-C8091D9D9E95}.Debug|Any CPU.ActiveCfg = Debug|Any CPU
		{1CED836F-D064-4DD8-9001-C8091D9D9E95}.Debug|Any CPU.Build.0 = Debug|Any CPU
		{1CED836F-D064-4DD8-9001-C8091D9D9E95}.Debug|ARM.ActiveCfg = Debug|Any CPU
		{1CED836F-D064-4DD8-9001-C8091D9D9E95}.Debug|ARM.Build.0 = Debug|Any CPU
		{1CED836F-D064-4DD8-9001-C8091D9D9E95}.Debug|iPhone.ActiveCfg = Debug|Any CPU
		{1CED836F-D064-4DD8-9001-C8091D9D9E95}.Debug|iPhone.Build.0 = Debug|Any CPU
		{1CED836F-D064-4DD8-9001-C8091D9D9E95}.Debug|iPhoneSimulator.ActiveCfg = Debug|Any CPU
		{1CED836F-D064-4DD8-9001-C8091D9D9E95}.Debug|iPhoneSimulator.Build.0 = Debug|Any CPU
		{1CED836F-D064-4DD8-9001-C8091D9D9E95}.Debug|x64.ActiveCfg = Debug|Any CPU
		{1CED836F-D064-4DD8-9001-C8091D9D9E95}.Debug|x64.Build.0 = Debug|Any CPU
		{1CED836F-D064-4DD8-9001-C8091D9D9E95}.Debug|x86.ActiveCfg = Debug|Any CPU
		{1CED836F-D064-4DD8-9001-C8091D9D9E95}.Debug|x86.Build.0 = Debug|Any CPU
		{1CED836F-D064-4DD8-9001-C8091D9D9E95}.Release|Any CPU.ActiveCfg = Release|Any CPU
		{1CED836F-D064-4DD8-9001-C8091D9D9E95}.Release|Any CPU.Build.0 = Release|Any CPU
		{1CED836F-D064-4DD8-9001-C8091D9D9E95}.Release|ARM.ActiveCfg = Release|Any CPU
		{1CED836F-D064-4DD8-9001-C8091D9D9E95}.Release|ARM.Build.0 = Release|Any CPU
		{1CED836F-D064-4DD8-9001-C8091D9D9E95}.Release|iPhone.ActiveCfg = Release|Any CPU
		{1CED836F-D064-4DD8-9001-C8091D9D9E95}.Release|iPhone.Build.0 = Release|Any CPU
		{1CED836F-D064-4DD8-9001-C8091D9D9E95}.Release|iPhoneSimulator.ActiveCfg = Release|Any CPU
		{1CED836F-D064-4DD8-9001-C8091D9D9E95}.Release|iPhoneSimulator.Build.0 = Release|Any CPU
		{1CED836F-D064-4DD8-9001-C8091D9D9E95}.Release|x64.ActiveCfg = Release|Any CPU
		{1CED836F-D064-4DD8-9001-C8091D9D9E95}.Release|x64.Build.0 = Release|Any CPU
		{1CED836F-D064-4DD8-9001-C8091D9D9E95}.Release|x86.ActiveCfg = Release|Any CPU
		{1CED836F-D064-4DD8-9001-C8091D9D9E95}.Release|x86.Build.0 = Release|Any CPU
		{25BBCA78-1027-42FC-AF6F-AD6AC492BFAB}.Debug|Any CPU.ActiveCfg = Debug|Any CPU
		{25BBCA78-1027-42FC-AF6F-AD6AC492BFAB}.Debug|Any CPU.Build.0 = Debug|Any CPU
		{25BBCA78-1027-42FC-AF6F-AD6AC492BFAB}.Debug|ARM.ActiveCfg = Debug|Any CPU
		{25BBCA78-1027-42FC-AF6F-AD6AC492BFAB}.Debug|ARM.Build.0 = Debug|Any CPU
		{25BBCA78-1027-42FC-AF6F-AD6AC492BFAB}.Debug|iPhone.ActiveCfg = Debug|Any CPU
		{25BBCA78-1027-42FC-AF6F-AD6AC492BFAB}.Debug|iPhone.Build.0 = Debug|Any CPU
		{25BBCA78-1027-42FC-AF6F-AD6AC492BFAB}.Debug|iPhoneSimulator.ActiveCfg = Debug|Any CPU
		{25BBCA78-1027-42FC-AF6F-AD6AC492BFAB}.Debug|iPhoneSimulator.Build.0 = Debug|Any CPU
		{25BBCA78-1027-42FC-AF6F-AD6AC492BFAB}.Debug|x64.ActiveCfg = Debug|Any CPU
		{25BBCA78-1027-42FC-AF6F-AD6AC492BFAB}.Debug|x64.Build.0 = Debug|Any CPU
		{25BBCA78-1027-42FC-AF6F-AD6AC492BFAB}.Debug|x86.ActiveCfg = Debug|Any CPU
		{25BBCA78-1027-42FC-AF6F-AD6AC492BFAB}.Debug|x86.Build.0 = Debug|Any CPU
		{25BBCA78-1027-42FC-AF6F-AD6AC492BFAB}.Release|Any CPU.ActiveCfg = Release|Any CPU
		{25BBCA78-1027-42FC-AF6F-AD6AC492BFAB}.Release|Any CPU.Build.0 = Release|Any CPU
		{25BBCA78-1027-42FC-AF6F-AD6AC492BFAB}.Release|ARM.ActiveCfg = Release|Any CPU
		{25BBCA78-1027-42FC-AF6F-AD6AC492BFAB}.Release|ARM.Build.0 = Release|Any CPU
		{25BBCA78-1027-42FC-AF6F-AD6AC492BFAB}.Release|iPhone.ActiveCfg = Release|Any CPU
		{25BBCA78-1027-42FC-AF6F-AD6AC492BFAB}.Release|iPhone.Build.0 = Release|Any CPU
		{25BBCA78-1027-42FC-AF6F-AD6AC492BFAB}.Release|iPhoneSimulator.ActiveCfg = Release|Any CPU
		{25BBCA78-1027-42FC-AF6F-AD6AC492BFAB}.Release|iPhoneSimulator.Build.0 = Release|Any CPU
		{25BBCA78-1027-42FC-AF6F-AD6AC492BFAB}.Release|x64.ActiveCfg = Release|Any CPU
		{25BBCA78-1027-42FC-AF6F-AD6AC492BFAB}.Release|x64.Build.0 = Release|Any CPU
		{25BBCA78-1027-42FC-AF6F-AD6AC492BFAB}.Release|x86.ActiveCfg = Release|Any CPU
		{25BBCA78-1027-42FC-AF6F-AD6AC492BFAB}.Release|x86.Build.0 = Release|Any CPU
		{7FE56DDA-46F0-4285-91BD-273E92E449BF}.Debug|Any CPU.ActiveCfg = Debug|Any CPU
		{7FE56DDA-46F0-4285-91BD-273E92E449BF}.Debug|Any CPU.Build.0 = Debug|Any CPU
		{7FE56DDA-46F0-4285-91BD-273E92E449BF}.Debug|ARM.ActiveCfg = Debug|Any CPU
		{7FE56DDA-46F0-4285-91BD-273E92E449BF}.Debug|ARM.Build.0 = Debug|Any CPU
		{7FE56DDA-46F0-4285-91BD-273E92E449BF}.Debug|iPhone.ActiveCfg = Debug|Any CPU
		{7FE56DDA-46F0-4285-91BD-273E92E449BF}.Debug|iPhone.Build.0 = Debug|Any CPU
		{7FE56DDA-46F0-4285-91BD-273E92E449BF}.Debug|iPhoneSimulator.ActiveCfg = Debug|Any CPU
		{7FE56DDA-46F0-4285-91BD-273E92E449BF}.Debug|iPhoneSimulator.Build.0 = Debug|Any CPU
		{7FE56DDA-46F0-4285-91BD-273E92E449BF}.Debug|x64.ActiveCfg = Debug|Any CPU
		{7FE56DDA-46F0-4285-91BD-273E92E449BF}.Debug|x64.Build.0 = Debug|Any CPU
		{7FE56DDA-46F0-4285-91BD-273E92E449BF}.Debug|x86.ActiveCfg = Debug|Any CPU
		{7FE56DDA-46F0-4285-91BD-273E92E449BF}.Debug|x86.Build.0 = Debug|Any CPU
		{7FE56DDA-46F0-4285-91BD-273E92E449BF}.Release|Any CPU.ActiveCfg = Release|Any CPU
		{7FE56DDA-46F0-4285-91BD-273E92E449BF}.Release|Any CPU.Build.0 = Release|Any CPU
		{7FE56DDA-46F0-4285-91BD-273E92E449BF}.Release|ARM.ActiveCfg = Release|Any CPU
		{7FE56DDA-46F0-4285-91BD-273E92E449BF}.Release|ARM.Build.0 = Release|Any CPU
		{7FE56DDA-46F0-4285-91BD-273E92E449BF}.Release|iPhone.ActiveCfg = Release|Any CPU
		{7FE56DDA-46F0-4285-91BD-273E92E449BF}.Release|iPhone.Build.0 = Release|Any CPU
		{7FE56DDA-46F0-4285-91BD-273E92E449BF}.Release|iPhoneSimulator.ActiveCfg = Release|Any CPU
		{7FE56DDA-46F0-4285-91BD-273E92E449BF}.Release|iPhoneSimulator.Build.0 = Release|Any CPU
		{7FE56DDA-46F0-4285-91BD-273E92E449BF}.Release|x64.ActiveCfg = Release|Any CPU
		{7FE56DDA-46F0-4285-91BD-273E92E449BF}.Release|x64.Build.0 = Release|Any CPU
		{7FE56DDA-46F0-4285-91BD-273E92E449BF}.Release|x86.ActiveCfg = Release|Any CPU
		{7FE56DDA-46F0-4285-91BD-273E92E449BF}.Release|x86.Build.0 = Release|Any CPU
		{8DE4A09B-B2AB-4DC3-95C1-8A67C7D12E45}.Debug|Any CPU.ActiveCfg = Debug|Any CPU
		{8DE4A09B-B2AB-4DC3-95C1-8A67C7D12E45}.Debug|Any CPU.Build.0 = Debug|Any CPU
		{8DE4A09B-B2AB-4DC3-95C1-8A67C7D12E45}.Debug|ARM.ActiveCfg = Debug|Any CPU
		{8DE4A09B-B2AB-4DC3-95C1-8A67C7D12E45}.Debug|ARM.Build.0 = Debug|Any CPU
		{8DE4A09B-B2AB-4DC3-95C1-8A67C7D12E45}.Debug|iPhone.ActiveCfg = Debug|Any CPU
		{8DE4A09B-B2AB-4DC3-95C1-8A67C7D12E45}.Debug|iPhone.Build.0 = Debug|Any CPU
		{8DE4A09B-B2AB-4DC3-95C1-8A67C7D12E45}.Debug|iPhoneSimulator.ActiveCfg = Debug|Any CPU
		{8DE4A09B-B2AB-4DC3-95C1-8A67C7D12E45}.Debug|iPhoneSimulator.Build.0 = Debug|Any CPU
		{8DE4A09B-B2AB-4DC3-95C1-8A67C7D12E45}.Debug|x64.ActiveCfg = Debug|Any CPU
		{8DE4A09B-B2AB-4DC3-95C1-8A67C7D12E45}.Debug|x64.Build.0 = Debug|Any CPU
		{8DE4A09B-B2AB-4DC3-95C1-8A67C7D12E45}.Debug|x86.ActiveCfg = Debug|Any CPU
		{8DE4A09B-B2AB-4DC3-95C1-8A67C7D12E45}.Debug|x86.Build.0 = Debug|Any CPU
		{8DE4A09B-B2AB-4DC3-95C1-8A67C7D12E45}.Release|Any CPU.ActiveCfg = Release|Any CPU
		{8DE4A09B-B2AB-4DC3-95C1-8A67C7D12E45}.Release|Any CPU.Build.0 = Release|Any CPU
		{8DE4A09B-B2AB-4DC3-95C1-8A67C7D12E45}.Release|ARM.ActiveCfg = Release|Any CPU
		{8DE4A09B-B2AB-4DC3-95C1-8A67C7D12E45}.Release|ARM.Build.0 = Release|Any CPU
		{8DE4A09B-B2AB-4DC3-95C1-8A67C7D12E45}.Release|iPhone.ActiveCfg = Release|Any CPU
		{8DE4A09B-B2AB-4DC3-95C1-8A67C7D12E45}.Release|iPhone.Build.0 = Release|Any CPU
		{8DE4A09B-B2AB-4DC3-95C1-8A67C7D12E45}.Release|iPhoneSimulator.ActiveCfg = Release|Any CPU
		{8DE4A09B-B2AB-4DC3-95C1-8A67C7D12E45}.Release|iPhoneSimulator.Build.0 = Release|Any CPU
		{8DE4A09B-B2AB-4DC3-95C1-8A67C7D12E45}.Release|x64.ActiveCfg = Release|Any CPU
		{8DE4A09B-B2AB-4DC3-95C1-8A67C7D12E45}.Release|x64.Build.0 = Release|Any CPU
		{8DE4A09B-B2AB-4DC3-95C1-8A67C7D12E45}.Release|x86.ActiveCfg = Release|Any CPU
		{8DE4A09B-B2AB-4DC3-95C1-8A67C7D12E45}.Release|x86.Build.0 = Release|Any CPU
		{A1B2C3D4-E5F6-7890-ABCD-EF1234567891}.Debug|Any CPU.ActiveCfg = Debug|Any CPU
		{A1B2C3D4-E5F6-7890-ABCD-EF1234567891}.Debug|Any CPU.Build.0 = Debug|Any CPU
		{A1B2C3D4-E5F6-7890-ABCD-EF1234567891}.Debug|ARM.ActiveCfg = Debug|Any CPU
		{A1B2C3D4-E5F6-7890-ABCD-EF1234567891}.Debug|ARM.Build.0 = Debug|Any CPU
		{A1B2C3D4-E5F6-7890-ABCD-EF1234567891}.Debug|iPhone.ActiveCfg = Debug|Any CPU
		{A1B2C3D4-E5F6-7890-ABCD-EF1234567891}.Debug|iPhone.Build.0 = Debug|Any CPU
		{A1B2C3D4-E5F6-7890-ABCD-EF1234567891}.Debug|iPhoneSimulator.ActiveCfg = Debug|Any CPU
		{A1B2C3D4-E5F6-7890-ABCD-EF1234567891}.Debug|iPhoneSimulator.Build.0 = Debug|Any CPU
		{A1B2C3D4-E5F6-7890-ABCD-EF1234567891}.Debug|x64.ActiveCfg = Debug|Any CPU
		{A1B2C3D4-E5F6-7890-ABCD-EF1234567891}.Debug|x64.Build.0 = Debug|Any CPU
		{A1B2C3D4-E5F6-7890-ABCD-EF1234567891}.Debug|x86.ActiveCfg = Debug|Any CPU
		{A1B2C3D4-E5F6-7890-ABCD-EF1234567891}.Debug|x86.Build.0 = Debug|Any CPU
		{A1B2C3D4-E5F6-7890-ABCD-EF1234567891}.Release|Any CPU.ActiveCfg = Release|Any CPU
		{A1B2C3D4-E5F6-7890-ABCD-EF1234567891}.Release|Any CPU.Build.0 = Release|Any CPU
		{A1B2C3D4-E5F6-7890-ABCD-EF1234567891}.Release|ARM.ActiveCfg = Release|Any CPU
		{A1B2C3D4-E5F6-7890-ABCD-EF1234567891}.Release|ARM.Build.0 = Release|Any CPU
		{A1B2C3D4-E5F6-7890-ABCD-EF1234567891}.Release|iPhone.ActiveCfg = Release|Any CPU
		{A1B2C3D4-E5F6-7890-ABCD-EF1234567891}.Release|iPhone.Build.0 = Release|Any CPU
		{A1B2C3D4-E5F6-7890-ABCD-EF1234567891}.Release|iPhoneSimulator.ActiveCfg = Release|Any CPU
		{A1B2C3D4-E5F6-7890-ABCD-EF1234567891}.Release|iPhoneSimulator.Build.0 = Release|Any CPU
		{A1B2C3D4-E5F6-7890-ABCD-EF1234567891}.Release|x64.ActiveCfg = Release|Any CPU
		{A1B2C3D4-E5F6-7890-ABCD-EF1234567891}.Release|x64.Build.0 = Release|Any CPU
		{A1B2C3D4-E5F6-7890-ABCD-EF1234567891}.Release|x86.ActiveCfg = Release|Any CPU
		{A1B2C3D4-E5F6-7890-ABCD-EF1234567891}.Release|x86.Build.0 = Release|Any CPU
		{B2C3D4E5-F6A7-8901-BCDE-F12345678902}.Debug|Any CPU.ActiveCfg = Debug|Any CPU
		{B2C3D4E5-F6A7-8901-BCDE-F12345678902}.Debug|Any CPU.Build.0 = Debug|Any CPU
		{B2C3D4E5-F6A7-8901-BCDE-F12345678902}.Debug|ARM.ActiveCfg = Debug|Any CPU
		{B2C3D4E5-F6A7-8901-BCDE-F12345678902}.Debug|ARM.Build.0 = Debug|Any CPU
		{B2C3D4E5-F6A7-8901-BCDE-F12345678902}.Debug|iPhone.ActiveCfg = Debug|Any CPU
		{B2C3D4E5-F6A7-8901-BCDE-F12345678902}.Debug|iPhone.Build.0 = Debug|Any CPU
		{B2C3D4E5-F6A7-8901-BCDE-F12345678902}.Debug|iPhoneSimulator.ActiveCfg = Debug|Any CPU
		{B2C3D4E5-F6A7-8901-BCDE-F12345678902}.Debug|iPhoneSimulator.Build.0 = Debug|Any CPU
		{B2C3D4E5-F6A7-8901-BCDE-F12345678902}.Debug|x64.ActiveCfg = Debug|Any CPU
		{B2C3D4E5-F6A7-8901-BCDE-F12345678902}.Debug|x64.Build.0 = Debug|Any CPU
		{B2C3D4E5-F6A7-8901-BCDE-F12345678902}.Debug|x86.ActiveCfg = Debug|Any CPU
		{B2C3D4E5-F6A7-8901-BCDE-F12345678902}.Debug|x86.Build.0 = Debug|Any CPU
		{B2C3D4E5-F6A7-8901-BCDE-F12345678902}.Release|Any CPU.ActiveCfg = Release|Any CPU
		{B2C3D4E5-F6A7-8901-BCDE-F12345678902}.Release|Any CPU.Build.0 = Release|Any CPU
		{B2C3D4E5-F6A7-8901-BCDE-F12345678902}.Release|ARM.ActiveCfg = Release|Any CPU
		{B2C3D4E5-F6A7-8901-BCDE-F12345678902}.Release|ARM.Build.0 = Release|Any CPU
		{B2C3D4E5-F6A7-8901-BCDE-F12345678902}.Release|iPhone.ActiveCfg = Release|Any CPU
		{B2C3D4E5-F6A7-8901-BCDE-F12345678902}.Release|iPhone.Build.0 = Release|Any CPU
		{B2C3D4E5-F6A7-8901-BCDE-F12345678902}.Release|iPhoneSimulator.ActiveCfg = Release|Any CPU
		{B2C3D4E5-F6A7-8901-BCDE-F12345678902}.Release|iPhoneSimulator.Build.0 = Release|Any CPU
		{B2C3D4E5-F6A7-8901-BCDE-F12345678902}.Release|x64.ActiveCfg = Release|Any CPU
		{B2C3D4E5-F6A7-8901-BCDE-F12345678902}.Release|x64.Build.0 = Release|Any CPU
		{B2C3D4E5-F6A7-8901-BCDE-F12345678902}.Release|x86.ActiveCfg = Release|Any CPU
		{B2C3D4E5-F6A7-8901-BCDE-F12345678902}.Release|x86.Build.0 = Release|Any CPU
		{C3D4E5F6-A7B8-9012-CDEF-123456789013}.Debug|Any CPU.ActiveCfg = Debug|Any CPU
		{C3D4E5F6-A7B8-9012-CDEF-123456789013}.Debug|Any CPU.Build.0 = Debug|Any CPU
		{C3D4E5F6-A7B8-9012-CDEF-123456789013}.Debug|ARM.ActiveCfg = Debug|Any CPU
		{C3D4E5F6-A7B8-9012-CDEF-123456789013}.Debug|ARM.Build.0 = Debug|Any CPU
		{C3D4E5F6-A7B8-9012-CDEF-123456789013}.Debug|iPhone.ActiveCfg = Debug|Any CPU
		{C3D4E5F6-A7B8-9012-CDEF-123456789013}.Debug|iPhone.Build.0 = Debug|Any CPU
		{C3D4E5F6-A7B8-9012-CDEF-123456789013}.Debug|iPhoneSimulator.ActiveCfg = Debug|Any CPU
		{C3D4E5F6-A7B8-9012-CDEF-123456789013}.Debug|iPhoneSimulator.Build.0 = Debug|Any CPU
		{C3D4E5F6-A7B8-9012-CDEF-123456789013}.Debug|x64.ActiveCfg = Debug|Any CPU
		{C3D4E5F6-A7B8-9012-CDEF-123456789013}.Debug|x64.Build.0 = Debug|Any CPU
		{C3D4E5F6-A7B8-9012-CDEF-123456789013}.Debug|x86.ActiveCfg = Debug|Any CPU
		{C3D4E5F6-A7B8-9012-CDEF-123456789013}.Debug|x86.Build.0 = Debug|Any CPU
		{C3D4E5F6-A7B8-9012-CDEF-123456789013}.Release|Any CPU.ActiveCfg = Release|Any CPU
		{C3D4E5F6-A7B8-9012-CDEF-123456789013}.Release|Any CPU.Build.0 = Release|Any CPU
		{C3D4E5F6-A7B8-9012-CDEF-123456789013}.Release|ARM.ActiveCfg = Release|Any CPU
		{C3D4E5F6-A7B8-9012-CDEF-123456789013}.Release|ARM.Build.0 = Release|Any CPU
		{C3D4E5F6-A7B8-9012-CDEF-123456789013}.Release|iPhone.ActiveCfg = Release|Any CPU
		{C3D4E5F6-A7B8-9012-CDEF-123456789013}.Release|iPhone.Build.0 = Release|Any CPU
		{C3D4E5F6-A7B8-9012-CDEF-123456789013}.Release|iPhoneSimulator.ActiveCfg = Release|Any CPU
		{C3D4E5F6-A7B8-9012-CDEF-123456789013}.Release|iPhoneSimulator.Build.0 = Release|Any CPU
		{C3D4E5F6-A7B8-9012-CDEF-123456789013}.Release|x64.ActiveCfg = Release|Any CPU
		{C3D4E5F6-A7B8-9012-CDEF-123456789013}.Release|x64.Build.0 = Release|Any CPU
		{C3D4E5F6-A7B8-9012-CDEF-123456789013}.Release|x86.ActiveCfg = Release|Any CPU
		{C3D4E5F6-A7B8-9012-CDEF-123456789013}.Release|x86.Build.0 = Release|Any CPU
		{8E3DEE41-4C7A-46D7-ADC7-8ACA920CDAAB}.Debug|Any CPU.ActiveCfg = Debug|Any CPU
		{8E3DEE41-4C7A-46D7-ADC7-8ACA920CDAAB}.Debug|Any CPU.Build.0 = Debug|Any CPU
		{8E3DEE41-4C7A-46D7-ADC7-8ACA920CDAAB}.Debug|ARM.ActiveCfg = Debug|Any CPU
		{8E3DEE41-4C7A-46D7-ADC7-8ACA920CDAAB}.Debug|ARM.Build.0 = Debug|Any CPU
		{8E3DEE41-4C7A-46D7-ADC7-8ACA920CDAAB}.Debug|iPhone.ActiveCfg = Debug|Any CPU
		{8E3DEE41-4C7A-46D7-ADC7-8ACA920CDAAB}.Debug|iPhone.Build.0 = Debug|Any CPU
		{8E3DEE41-4C7A-46D7-ADC7-8ACA920CDAAB}.Debug|iPhoneSimulator.ActiveCfg = Debug|Any CPU
		{8E3DEE41-4C7A-46D7-ADC7-8ACA920CDAAB}.Debug|iPhoneSimulator.Build.0 = Debug|Any CPU
		{8E3DEE41-4C7A-46D7-ADC7-8ACA920CDAAB}.Debug|x64.ActiveCfg = Debug|Any CPU
		{8E3DEE41-4C7A-46D7-ADC7-8ACA920CDAAB}.Debug|x64.Build.0 = Debug|Any CPU
		{8E3DEE41-4C7A-46D7-ADC7-8ACA920CDAAB}.Debug|x86.ActiveCfg = Debug|Any CPU
		{8E3DEE41-4C7A-46D7-ADC7-8ACA920CDAAB}.Debug|x86.Build.0 = Debug|Any CPU
		{8E3DEE41-4C7A-46D7-ADC7-8ACA920CDAAB}.Release|Any CPU.ActiveCfg = Release|Any CPU
		{8E3DEE41-4C7A-46D7-ADC7-8ACA920CDAAB}.Release|Any CPU.Build.0 = Release|Any CPU
		{8E3DEE41-4C7A-46D7-ADC7-8ACA920CDAAB}.Release|ARM.ActiveCfg = Release|Any CPU
		{8E3DEE41-4C7A-46D7-ADC7-8ACA920CDAAB}.Release|ARM.Build.0 = Release|Any CPU
		{8E3DEE41-4C7A-46D7-ADC7-8ACA920CDAAB}.Release|iPhone.ActiveCfg = Release|Any CPU
		{8E3DEE41-4C7A-46D7-ADC7-8ACA920CDAAB}.Release|iPhone.Build.0 = Release|Any CPU
		{8E3DEE41-4C7A-46D7-ADC7-8ACA920CDAAB}.Release|iPhoneSimulator.ActiveCfg = Release|Any CPU
		{8E3DEE41-4C7A-46D7-ADC7-8ACA920CDAAB}.Release|iPhoneSimulator.Build.0 = Release|Any CPU
		{8E3DEE41-4C7A-46D7-ADC7-8ACA920CDAAB}.Release|x64.ActiveCfg = Release|Any CPU
		{8E3DEE41-4C7A-46D7-ADC7-8ACA920CDAAB}.Release|x64.Build.0 = Release|Any CPU
		{8E3DEE41-4C7A-46D7-ADC7-8ACA920CDAAB}.Release|x86.ActiveCfg = Release|Any CPU
		{8E3DEE41-4C7A-46D7-ADC7-8ACA920CDAAB}.Release|x86.Build.0 = Release|Any CPU
		{73D1C119-5E98-4093-8792-C3EA05101F21}.Debug|Any CPU.ActiveCfg = Debug|Any CPU
		{73D1C119-5E98-4093-8792-C3EA05101F21}.Debug|Any CPU.Build.0 = Debug|Any CPU
		{73D1C119-5E98-4093-8792-C3EA05101F21}.Debug|ARM.ActiveCfg = Debug|Any CPU
		{73D1C119-5E98-4093-8792-C3EA05101F21}.Debug|ARM.Build.0 = Debug|Any CPU
		{73D1C119-5E98-4093-8792-C3EA05101F21}.Debug|iPhone.ActiveCfg = Debug|Any CPU
		{73D1C119-5E98-4093-8792-C3EA05101F21}.Debug|iPhone.Build.0 = Debug|Any CPU
		{73D1C119-5E98-4093-8792-C3EA05101F21}.Debug|iPhoneSimulator.ActiveCfg = Debug|Any CPU
		{73D1C119-5E98-4093-8792-C3EA05101F21}.Debug|iPhoneSimulator.Build.0 = Debug|Any CPU
		{73D1C119-5E98-4093-8792-C3EA05101F21}.Debug|x64.ActiveCfg = Debug|Any CPU
		{73D1C119-5E98-4093-8792-C3EA05101F21}.Debug|x64.Build.0 = Debug|Any CPU
		{73D1C119-5E98-4093-8792-C3EA05101F21}.Debug|x86.ActiveCfg = Debug|Any CPU
		{73D1C119-5E98-4093-8792-C3EA05101F21}.Debug|x86.Build.0 = Debug|Any CPU
		{73D1C119-5E98-4093-8792-C3EA05101F21}.Release|Any CPU.ActiveCfg = Release|Any CPU
		{73D1C119-5E98-4093-8792-C3EA05101F21}.Release|Any CPU.Build.0 = Release|Any CPU
		{73D1C119-5E98-4093-8792-C3EA05101F21}.Release|ARM.ActiveCfg = Release|Any CPU
		{73D1C119-5E98-4093-8792-C3EA05101F21}.Release|ARM.Build.0 = Release|Any CPU
		{73D1C119-5E98-4093-8792-C3EA05101F21}.Release|iPhone.ActiveCfg = Release|Any CPU
		{73D1C119-5E98-4093-8792-C3EA05101F21}.Release|iPhone.Build.0 = Release|Any CPU
		{73D1C119-5E98-4093-8792-C3EA05101F21}.Release|iPhoneSimulator.ActiveCfg = Release|Any CPU
		{73D1C119-5E98-4093-8792-C3EA05101F21}.Release|iPhoneSimulator.Build.0 = Release|Any CPU
		{73D1C119-5E98-4093-8792-C3EA05101F21}.Release|x64.ActiveCfg = Release|Any CPU
		{73D1C119-5E98-4093-8792-C3EA05101F21}.Release|x64.Build.0 = Release|Any CPU
		{73D1C119-5E98-4093-8792-C3EA05101F21}.Release|x86.ActiveCfg = Release|Any CPU
		{73D1C119-5E98-4093-8792-C3EA05101F21}.Release|x86.Build.0 = Release|Any CPU
		{FA62A4E9-9991-462D-8937-2DD25DEB0CCE}.Debug|Any CPU.ActiveCfg = Debug|Any CPU
		{FA62A4E9-9991-462D-8937-2DD25DEB0CCE}.Debug|Any CPU.Build.0 = Debug|Any CPU
		{FA62A4E9-9991-462D-8937-2DD25DEB0CCE}.Debug|ARM.ActiveCfg = Debug|Any CPU
		{FA62A4E9-9991-462D-8937-2DD25DEB0CCE}.Debug|ARM.Build.0 = Debug|Any CPU
		{FA62A4E9-9991-462D-8937-2DD25DEB0CCE}.Debug|iPhone.ActiveCfg = Debug|Any CPU
		{FA62A4E9-9991-462D-8937-2DD25DEB0CCE}.Debug|iPhone.Build.0 = Debug|Any CPU
		{FA62A4E9-9991-462D-8937-2DD25DEB0CCE}.Debug|iPhoneSimulator.ActiveCfg = Debug|Any CPU
		{FA62A4E9-9991-462D-8937-2DD25DEB0CCE}.Debug|iPhoneSimulator.Build.0 = Debug|Any CPU
		{FA62A4E9-9991-462D-8937-2DD25DEB0CCE}.Debug|x64.ActiveCfg = Debug|Any CPU
		{FA62A4E9-9991-462D-8937-2DD25DEB0CCE}.Debug|x64.Build.0 = Debug|Any CPU
		{FA62A4E9-9991-462D-8937-2DD25DEB0CCE}.Debug|x86.ActiveCfg = Debug|Any CPU
		{FA62A4E9-9991-462D-8937-2DD25DEB0CCE}.Debug|x86.Build.0 = Debug|Any CPU
		{FA62A4E9-9991-462D-8937-2DD25DEB0CCE}.Release|Any CPU.ActiveCfg = Release|Any CPU
		{FA62A4E9-9991-462D-8937-2DD25DEB0CCE}.Release|Any CPU.Build.0 = Release|Any CPU
		{FA62A4E9-9991-462D-8937-2DD25DEB0CCE}.Release|ARM.ActiveCfg = Release|Any CPU
		{FA62A4E9-9991-462D-8937-2DD25DEB0CCE}.Release|ARM.Build.0 = Release|Any CPU
		{FA62A4E9-9991-462D-8937-2DD25DEB0CCE}.Release|iPhone.ActiveCfg = Release|Any CPU
		{FA62A4E9-9991-462D-8937-2DD25DEB0CCE}.Release|iPhone.Build.0 = Release|Any CPU
		{FA62A4E9-9991-462D-8937-2DD25DEB0CCE}.Release|iPhoneSimulator.ActiveCfg = Release|Any CPU
		{FA62A4E9-9991-462D-8937-2DD25DEB0CCE}.Release|iPhoneSimulator.Build.0 = Release|Any CPU
		{FA62A4E9-9991-462D-8937-2DD25DEB0CCE}.Release|x64.ActiveCfg = Release|Any CPU
		{FA62A4E9-9991-462D-8937-2DD25DEB0CCE}.Release|x64.Build.0 = Release|Any CPU
		{FA62A4E9-9991-462D-8937-2DD25DEB0CCE}.Release|x86.ActiveCfg = Release|Any CPU
		{FA62A4E9-9991-462D-8937-2DD25DEB0CCE}.Release|x86.Build.0 = Release|Any CPU
		{DC07049C-711F-4473-904B-32B0BAFAFF52}.Debug|Any CPU.ActiveCfg = Debug|Any CPU
		{DC07049C-711F-4473-904B-32B0BAFAFF52}.Debug|Any CPU.Build.0 = Debug|Any CPU
		{DC07049C-711F-4473-904B-32B0BAFAFF52}.Debug|ARM.ActiveCfg = Debug|Any CPU
		{DC07049C-711F-4473-904B-32B0BAFAFF52}.Debug|ARM.Build.0 = Debug|Any CPU
		{DC07049C-711F-4473-904B-32B0BAFAFF52}.Debug|iPhone.ActiveCfg = Debug|Any CPU
		{DC07049C-711F-4473-904B-32B0BAFAFF52}.Debug|iPhone.Build.0 = Debug|Any CPU
		{DC07049C-711F-4473-904B-32B0BAFAFF52}.Debug|iPhoneSimulator.ActiveCfg = Debug|Any CPU
		{DC07049C-711F-4473-904B-32B0BAFAFF52}.Debug|iPhoneSimulator.Build.0 = Debug|Any CPU
		{DC07049C-711F-4473-904B-32B0BAFAFF52}.Debug|x64.ActiveCfg = Debug|Any CPU
		{DC07049C-711F-4473-904B-32B0BAFAFF52}.Debug|x64.Build.0 = Debug|Any CPU
		{DC07049C-711F-4473-904B-32B0BAFAFF52}.Debug|x86.ActiveCfg = Debug|Any CPU
		{DC07049C-711F-4473-904B-32B0BAFAFF52}.Debug|x86.Build.0 = Debug|Any CPU
		{DC07049C-711F-4473-904B-32B0BAFAFF52}.Release|Any CPU.ActiveCfg = Release|Any CPU
		{DC07049C-711F-4473-904B-32B0BAFAFF52}.Release|Any CPU.Build.0 = Release|Any CPU
		{DC07049C-711F-4473-904B-32B0BAFAFF52}.Release|ARM.ActiveCfg = Release|Any CPU
		{DC07049C-711F-4473-904B-32B0BAFAFF52}.Release|ARM.Build.0 = Release|Any CPU
		{DC07049C-711F-4473-904B-32B0BAFAFF52}.Release|iPhone.ActiveCfg = Release|Any CPU
		{DC07049C-711F-4473-904B-32B0BAFAFF52}.Release|iPhone.Build.0 = Release|Any CPU
		{DC07049C-711F-4473-904B-32B0BAFAFF52}.Release|iPhoneSimulator.ActiveCfg = Release|Any CPU
		{DC07049C-711F-4473-904B-32B0BAFAFF52}.Release|iPhoneSimulator.Build.0 = Release|Any CPU
		{DC07049C-711F-4473-904B-32B0BAFAFF52}.Release|x64.ActiveCfg = Release|Any CPU
		{DC07049C-711F-4473-904B-32B0BAFAFF52}.Release|x64.Build.0 = Release|Any CPU
		{DC07049C-711F-4473-904B-32B0BAFAFF52}.Release|x86.ActiveCfg = Release|Any CPU
		{DC07049C-711F-4473-904B-32B0BAFAFF52}.Release|x86.Build.0 = Release|Any CPU
		{3D1D1EDC-85C9-4C89-BDF4-B3664BF451AD}.Debug|Any CPU.ActiveCfg = Debug|Any CPU
		{3D1D1EDC-85C9-4C89-BDF4-B3664BF451AD}.Debug|Any CPU.Build.0 = Debug|Any CPU
		{3D1D1EDC-85C9-4C89-BDF4-B3664BF451AD}.Debug|ARM.ActiveCfg = Debug|Any CPU
		{3D1D1EDC-85C9-4C89-BDF4-B3664BF451AD}.Debug|ARM.Build.0 = Debug|Any CPU
		{3D1D1EDC-85C9-4C89-BDF4-B3664BF451AD}.Debug|iPhone.ActiveCfg = Debug|Any CPU
		{3D1D1EDC-85C9-4C89-BDF4-B3664BF451AD}.Debug|iPhone.Build.0 = Debug|Any CPU
		{3D1D1EDC-85C9-4C89-BDF4-B3664BF451AD}.Debug|iPhoneSimulator.ActiveCfg = Debug|Any CPU
		{3D1D1EDC-85C9-4C89-BDF4-B3664BF451AD}.Debug|iPhoneSimulator.Build.0 = Debug|Any CPU
		{3D1D1EDC-85C9-4C89-BDF4-B3664BF451AD}.Debug|x64.ActiveCfg = Debug|Any CPU
		{3D1D1EDC-85C9-4C89-BDF4-B3664BF451AD}.Debug|x64.Build.0 = Debug|Any CPU
		{3D1D1EDC-85C9-4C89-BDF4-B3664BF451AD}.Debug|x86.ActiveCfg = Debug|Any CPU
		{3D1D1EDC-85C9-4C89-BDF4-B3664BF451AD}.Debug|x86.Build.0 = Debug|Any CPU
		{3D1D1EDC-85C9-4C89-BDF4-B3664BF451AD}.Release|Any CPU.ActiveCfg = Release|Any CPU
		{3D1D1EDC-85C9-4C89-BDF4-B3664BF451AD}.Release|Any CPU.Build.0 = Release|Any CPU
		{3D1D1EDC-85C9-4C89-BDF4-B3664BF451AD}.Release|ARM.ActiveCfg = Release|Any CPU
		{3D1D1EDC-85C9-4C89-BDF4-B3664BF451AD}.Release|ARM.Build.0 = Release|Any CPU
		{3D1D1EDC-85C9-4C89-BDF4-B3664BF451AD}.Release|iPhone.ActiveCfg = Release|Any CPU
		{3D1D1EDC-85C9-4C89-BDF4-B3664BF451AD}.Release|iPhone.Build.0 = Release|Any CPU
		{3D1D1EDC-85C9-4C89-BDF4-B3664BF451AD}.Release|iPhoneSimulator.ActiveCfg = Release|Any CPU
		{3D1D1EDC-85C9-4C89-BDF4-B3664BF451AD}.Release|iPhoneSimulator.Build.0 = Release|Any CPU
		{3D1D1EDC-85C9-4C89-BDF4-B3664BF451AD}.Release|x64.ActiveCfg = Release|Any CPU
		{3D1D1EDC-85C9-4C89-BDF4-B3664BF451AD}.Release|x64.Build.0 = Release|Any CPU
		{3D1D1EDC-85C9-4C89-BDF4-B3664BF451AD}.Release|x86.ActiveCfg = Release|Any CPU
		{3D1D1EDC-85C9-4C89-BDF4-B3664BF451AD}.Release|x86.Build.0 = Release|Any CPU
	EndGlobalSection
	GlobalSection(SolutionProperties) = preSolution
		HideSolutionNode = FALSE
	EndGlobalSection
	GlobalSection(NestedProjects) = preSolution
		{16950BFB-9A7B-4326-B6E9-873B22449DF3} = {A0000002-0000-0000-0000-000000000002}
		{33AA9A81-0AE5-4E8D-A271-14E060D054F9} = {A0000002-0000-0000-0000-000000000002}
		{F883F4D0-4CF9-453B-926A-FC505F91E902} = {A0000002-0000-0000-0000-000000000002}
		{1C52AD3D-4A7A-1B8B-B174-45EEACCF8D48} = {A0000002-0000-0000-0000-000000000002}
		{04E38784-C17F-4A0F-8D1D-15022FF22509} = {A0000002-0000-0000-0000-000000000002}
		{B321C6BE-72F8-43AF-8860-CAA78EF988D7} = {A0000002-0000-0000-0000-000000000002}
		{6BF41D9C-4FA2-49D2-947C-3355CC53434D} = {A0000002-0000-0000-0000-000000000002}
		{D73458E6-385B-40A6-8453-B3194121F3A7} = {A0000002-0000-0000-0000-000000000002}
		{1CED836F-D064-4DD8-9001-C8091D9D9E95} = {A0000003-0000-0000-0000-000000000003}
		{25BBCA78-1027-42FC-AF6F-AD6AC492BFAB} = {A0000003-0000-0000-0000-000000000003}
		{7FE56DDA-46F0-4285-91BD-273E92E449BF} = {A0000003-0000-0000-0000-000000000003}
		{8DE4A09B-B2AB-4DC3-95C1-8A67C7D12E45} = {A0000003-0000-0000-0000-000000000003}
		{A1B2C3D4-E5F6-7890-ABCD-EF1234567891} = {A0000003-0000-0000-0000-000000000003}
		{B2C3D4E5-F6A7-8901-BCDE-F12345678902} = {A0000003-0000-0000-0000-000000000003}
		{C3D4E5F6-A7B8-9012-CDEF-123456789013} = {A0000003-0000-0000-0000-000000000003}
		{8E3DEE41-4C7A-46D7-ADC7-8ACA920CDAAB} = {A0000002-0000-0000-0000-000000000002}
		{73D1C119-5E98-4093-8792-C3EA05101F21} = {A0000003-0000-0000-0000-000000000003}
		{FA62A4E9-9991-462D-8937-2DD25DEB0CCE} = {A0000002-0000-0000-0000-000000000002}
		{DC07049C-711F-4473-904B-32B0BAFAFF52} = {A0000003-0000-0000-0000-000000000003}
		{3D1D1EDC-85C9-4C89-BDF4-B3664BF451AD} = {A0000003-0000-0000-0000-000000000003}
	EndGlobalSection
	GlobalSection(ExtensibilityGlobals) = postSolution
		SolutionGuid = {AF88D563-ED64-4D2E-8F76-E82455462128}
	EndGlobalSection
EndGlobal
